
Microsoft Visual Studio Solution File, Format Version 12.00
# Visual Studio 14
VisualStudioVersion = 14.0.24720.0
MinimumVisualStudioVersion = 10.0.40219.1
Project("{FAE04EC0-301F-11D3-BF4B-00C04F79EFBC}") = "6_3", "6_3\6_3.csproj", "{99CBDB76-3B54-41B8-8C8D-0FE66A8683D5}"
EndProject
Global
	GlobalSection(SolutionConfigurationPlatforms) = preSolution
		Debug|Any CPU = Debug|Any CPU
		Release|Any CPU = Release|Any CPU
	EndGlobalSection
	GlobalSection(ProjectConfigurationPlatforms) = postSolution
		{99CBDB76-3B54-41B8-8C8D-0FE66A8683D5}.Debug|Any CPU.ActiveCfg = Debug|Any CPU
		{99CBDB76-3B54-41B8-8C8D-0FE66A8683D5}.Debug|Any CPU.Build.0 = Debug|Any CPU
		{99CBDB76-3B54-41B8-8C8D-0FE66A8683D5}.Release|Any CPU.ActiveCfg = Release|Any CPU
		{99CBDB76-3B54-41B8-8C8D-0FE66A8683D5}.Release|Any CPU.Build.0 = Release|Any CPU
	EndGlobalSection
	GlobalSection(SolutionProperties) = preSolution
		HideSolutionNode = FALSE
	EndGlobalSection
EndGlobal
