
Microsoft Visual Studio Solution File, Format Version 12.00
# Visual Studio 14
VisualStudioVersion = 14.0.24720.0
MinimumVisualStudioVersion = 10.0.40219.1
Project("{FAE04EC0-301F-11D3-BF4B-00C04F79EFBC}") = "11_2", "11_2\11_2.csproj", "{CDEFAAF3-F6CA-4B45-AE25-FBD550D6B727}"
EndProject
Global
	GlobalSection(SolutionConfigurationPlatforms) = preSolution
		Debug|Any CPU = Debug|Any CPU
		Release|Any CPU = Release|Any CPU
	EndGlobalSection
	GlobalSection(ProjectConfigurationPlatforms) = postSolution
		{CDEFAAF3-F6CA-4B45-AE25-FBD550D6B727}.Debug|Any CPU.ActiveCfg = Debug|Any CPU
		{CDEFAAF3-F6CA-4B45-AE25-FBD550D6B727}.Debug|Any CPU.Build.0 = Debug|Any CPU
		{CDEFAAF3-F6CA-4B45-AE25-FBD550D6B727}.Release|Any CPU.ActiveCfg = Release|Any CPU
		{CDEFAAF3-F6CA-4B45-AE25-FBD550D6B727}.Release|Any CPU.Build.0 = Release|Any CPU
	EndGlobalSection
	GlobalSection(SolutionProperties) = preSolution
		HideSolutionNode = FALSE
	EndGlobalSection
EndGlobal
